
Microsoft Visual Studio Solution File, Format Version 12.00
# Visual Studio Version 17
VisualStudioVersion = 17.7.34024.191
MinimumVisualStudioVersion = 10.0.40219.1
Project("{9A19103F-16F7-4668-BE54-9A1E7A4F7556}") = "Lab_12_4", "Lab_12_4\Lab_12_4.csproj", "{42B46CCE-D988-43BD-8BDB-F4D9DCDB4621}"
EndProject
Project("{9A19103F-16F7-4668-BE54-9A1E7A4F7556}") = "ClassLibrary", "..\Labb_10\MusicalInstrument\ClassLibrary.csproj", "{98D4A525-169A-4658-8FC9-334AA80D3889}"
EndProject
Project("{FAE04EC0-301F-11D3-BF4B-00C04F79EFBC}") = "TestProject1", "TestProject1\TestProject1.csproj", "{935FCAF0-CDAD-4E71-8599-E6D06CCED2E4}"
EndProject
Global
	GlobalSection(SolutionConfigurationPlatforms) = preSolution
		Debug|Any CPU = Debug|Any CPU
		Release|Any CPU = Release|Any CPU
	EndGlobalSection
	GlobalSection(ProjectConfigurationPlatforms) = postSolution
		{42B46CCE-D988-43BD-8BDB-F4D9DCDB4621}.Debug|Any CPU.ActiveCfg = Debug|Any CPU
		{42B46CCE-D988-43BD-8BDB-F4D9DCDB4621}.Debug|Any CPU.Build.0 = Debug|Any CPU
		{42B46CCE-D988-43BD-8BDB-F4D9DCDB4621}.Release|Any CPU.ActiveCfg = Release|Any CPU
		{42B46CCE-D988-43BD-8BDB-F4D9DCDB4621}.Release|Any CPU.Build.0 = Release|Any CPU
		{98D4A525-169A-4658-8FC9-334AA80D3889}.Debug|Any CPU.ActiveCfg = Debug|Any CPU
		{98D4A525-169A-4658-8FC9-334AA80D3889}.Debug|Any CPU.Build.0 = Debug|Any CPU
		{98D4A525-169A-4658-8FC9-334AA80D3889}.Release|Any CPU.ActiveCfg = Release|Any CPU
		{98D4A525-169A-4658-8FC9-334AA80D3889}.Release|Any CPU.Build.0 = Release|Any CPU
		{935FCAF0-CDAD-4E71-8599-E6D06CCED2E4}.Debug|Any CPU.ActiveCfg = Debug|Any CPU
		{935FCAF0-CDAD-4E71-8599-E6D06CCED2E4}.Debug|Any CPU.Build.0 = Debug|Any CPU
		{935FCAF0-CDAD-4E71-8599-E6D06CCED2E4}.Release|Any CPU.ActiveCfg = Release|Any CPU
		{935FCAF0-CDAD-4E71-8599-E6D06CCED2E4}.Release|Any CPU.Build.0 = Release|Any CPU
	EndGlobalSection
	GlobalSection(SolutionProperties) = preSolution
		HideSolutionNode = FALSE
	EndGlobalSection
	GlobalSection(ExtensibilityGlobals) = postSolution
		SolutionGuid = {81542BE5-3959-4861-818F-37D56575F4F0}
	EndGlobalSection
EndGlobal
